alsa-lib 1.2.11-r0 x86_64 b64c6ddb34d4a722e73a830c0015e23c5647e7c98bbc7cc05e334abc4c31e189
aom-libs 3.9.1-r0 x86_64 eac8955055a314f49c5c9365c353eda79a167b36c9a52c504f752419e3f158ec
at-spi2-core 2.52.0-r0 x86_64 3786d31bfb2adc6116d09a1a62e730442468c5492705cc629a7d84a9aa6a832e
avahi-libs 0.8-r17 x86_64 527d5b07c97696b773ee0dca35e0ec48bd3b6500bfb19179ed9a8b51d52bfb4d
bmake 20240508-r0 x86_64 eef3317cfab88773f6449abc939fb25d46b65ba740067232dfdd58c10e2eda3d
brotli-dev 1.1.0-r2 x86_64 619ede350a5fe3294c1acc58c448d18b1beae304a3a3f0bf895885af28ee8c78
brotli-libs 1.1.0-r2 x86_64 d026ff33193b7c9bd1f7e62f7381f78d2889833a690c7267abd861c2a16dbeb8
brotli-static 1.1.0-r2 x86_64 aa075423e9857eaaef648632b26d7f74ec87b2367730845c8d52b60e3df42889
c-ares 1.33.1-r0 x86_64 06089a4258f3c56a2270387b8a2a28e49df8c0d46bd804e61ab286dd617458e5
ca-certificates 20260413-r0 x86_64 aa8940431dd4802dc8c73dfa71a36f50e7e7a1c253688fd83cc17f37ed362cae
cage 0.1.5-r1 x86_64 9ca5405c231ab7475b057c39b173aefd7192ebfc6d2dd97f7c2bdf770298aa5a
cairo 1.18.4-r0 x86_64 95645b909797afe928fceec3c944a2d177e3ba4bdb68797d2a4efcf93060fe98
cairo-dev 1.18.4-r0 x86_64 4f13cd068a4a81d673d73306ca9ab9155db6848982a218520ac89b8a5b709a83
cairo-gobject 1.18.4-r0 x86_64 11ce0d7d0cbda370322f91c11552910130c1b4a36c26a1e023fea3731fb86d23
cairo-static 1.18.4-r0 x86_64 61467642a55904541f45679bd72508ff8ce6c0284b802c5d03fcdf877fab9deb
chromium 131.0.6778.108-r0 x86_64 45cbafb9544d7f29582974805f20eccc4e6633b78a0f35ee68dd1f899f3310ad
chromium-swiftshader 131.0.6778.108-r0 x86_64 4f8a8c974045ce5112b75454092064bf789d4d4cbaa4b1f8eef69708a46cc9f1
cjson 1.7.19-r0 x86_64 63801510479c1f58353e3520211a00df8a8357b67c44823870ec3a44b553457e
crc32c 1.1.2-r0 x86_64 6c261474ec927d864d986eca59fef85ce25a5b25f94c479adf7e991bbfb3c942
cups-libs 2.4.18-r0 x86_64 d2da22edc3a9c65830c4ffca4973e290861ac768f316e1cf2c05fcbd6c14d3fe
curl 8.14.1-r2 x86_64 a95457d1122965a870d5a7e38b72bb0be379c3aa5f0cb5ea6090fddfe769f9dd
curl-dev 8.14.1-r2 x86_64 f99a923bbbb0177410d229840dcdbb1905f8698253ea553d2160d8c337c5d8ec
curl-static 8.14.1-r2 x86_64 0b29a1dd91746a400595a1119ad17d48570cc827d4fa0d078bf0a59d41e48809
dbus-libs 1.14.10-r1 x86_64 ba4536b7ed724517442eb4e01cf8758080e41abb03c14f9437ee50c4a048cfb8
double-conversion 3.3.0-r0 x86_64 5d85e1f952920c003b1a64367a0af22b3ae54a88ed5429ecb0d2c9486e2c6a58
dropbear 2024.85-r0 x86_64 65847f13ed7f875dbd17ef9de1b8870005274b1312dd7b9572394e7f7e37e9d2
dropbear-dbclient 2024.85-r0 x86_64 9b1bfe2f49a135eea67bc62d6d5f31b4764a34f48469005646e29edec2d4e51e
dropbear-scp 2024.85-r0 x86_64 9aada5a62ae48c16b979efdb942af4e33dde2a95d48661f6bf455474b2039357
dropbear-ssh 2024.85-r0 x86_64 c626b37daa0385563205b3ab45dc9927bfd17dd04ea312313d4c54bf1840125f
encodings 1.0.7-r1 x86_64 5425cb05fc1c357ea2f4162f60a8fcb23eaed794bf1f730a296ba7fbba19f78e
eudev-libs 3.2.14-r2 x86_64 e8134b759b6c34bf94282bf564e54dd136a44f11f6bafbd779ace45f9d29a669
expat 2.8.1-r0 x86_64 a05b423bb15e5075f56b98d7fdb55e98cecc629270fa4f52ec6388468cdfdf79
expat-dev 2.8.1-r0 x86_64 290187711387cdcef85cb78941cb8b69dc68d9585bb47075b31d2a56536e9120
expat-static 2.8.1-r0 x86_64 7c99cdcd8abece1214bb32b77e59afef993e45d8f35ccd637d85e3973bf4d424
fcft 3.1.8-r0 x86_64 9c63ac79e1d4e40e04b0acb8c21c05d749cdcff0c8fec973cfbc807d9cd124fa
ffmpeg-libavcodec 6.1.1-r8 x86_64 1082695a11748ed118e6a5c04249443bcd1109efedf70dedbeb890c70e5c5c47
ffmpeg-libavformat 6.1.1-r8 x86_64 e023f4b08a7325b3739a29d5654edd10b9dd6bb0e5df7f570fc8ee79aff02ac0
ffmpeg-libavutil 6.1.1-r8 x86_64 d1cadf88c07f093bdc5228bb11e3adca9bf6171e4029a6620b09b50a822ceb51
ffmpeg-libswresample 6.1.1-r8 x86_64 741f58c85e7d2ff4e021886bb0a7bf637bc8dc23ef94bb07152802bd1598f6e4
file 5.45-r1 x86_64 81a368da3227c3fb0fb991edfc75d366a8d99ac905adf88e609c75ba6f8aa19b
font-dejavu 2.37-r5 x86_64 f9a0651a6ff8256586466d31385a51953d37dadb3f8185685a1dce6f573100bf
font-opensans 0_git20210927-r1 x86_64 41c7c14657d018c361a26a704547b5571ab249410f8a161bcbe185073bbf7000
fontconfig 2.15.0-r1 x86_64 db19b98cb423658088a88a797f1c6d133cb36c6d86142f92514efa34c0891912
fontconfig-dev 2.15.0-r1 x86_64 263aee674addf19b84d2edee8ef357558c961a77012c08ad2cee290e23aca994
fontconfig-static 2.15.0-r1 x86_64 2d30e5bd603ebf793903a2e01b52725edce25f5377320566a116a192e214ebc7
foot 1.17.2-r0 x86_64 7b115f24358154878ba7220650e1f72d5c48be50ae6c461991959939594d8b15
foot-extra-terminfo 1.17.2-r0 x86_64 f758c893a732b7ce49aa92a3506716b87424ffd7de4c064179839b27c25b9b3d
freetype 2.13.2-r0 x86_64 5a37ad782f4f32880677a8eb9c59c2ce1192273ebe2c88a447671113bc92d08a
freetype-dev 2.13.2-r0 x86_64 3036275cbdf8d52371b0c327aea8e1df402fa9011c7b043e4bf73648af450722
freetype-static 2.13.2-r0 x86_64 06e3586bfeb20c16045d77d411c4ac6b8935a12997a10ee4bd0c59b311408205
fribidi 1.0.15-r0 x86_64 2f425b66dba4f3c27bae2e92031084d1e7f0f920f1233d60ecddbec86b3cc8cc
gdk-pixbuf 2.42.12-r0 x86_64 7e9d7c3f8d288418607c22429f66b84450ce8cb3fc94c710d69bcde26468840e
giflib 5.2.2-r0 x86_64 62b742988d8e22a98a5140fb17ff0cfbe23fee42e3bb71a38e7d424f5c938256
glib 2.80.5-r0 x86_64 20c801d70657f6db372bf780380dd356f86628ac5ee00eea677ef4c607ce5f7c
gmp 6.3.0-r1 x86_64 dfc94acb8d7e33d3505b583b010932a3a49ea0388c2ba145ff6edafa7bf1104f
gnutls 3.8.13-r0 x86_64 7d5c53980a1723d0c64d91499b8002550959c1ba5398c4b2fde470f4ebb62a06
graphite2 1.3.14-r6 x86_64 6c40cc2d8b274dfc32d69801e335d70a768a64bd581429b1ff596f9aa29416d6
grim 1.4.1-r0 x86_64 4dd89cf3c777a881a4fa7adc7a2d435d5e3c7296bb7d65c0bbefacdfb91ad9b5
gtk+3.0 3.24.43-r0 x86_64 cb3a150ffdb1a7e18ad125757e044124ff4684f4658420fc2785ec43f4ea8383
gtk-update-icon-cache 3.24.43-r0 x86_64 885b9230eb67229452e8ba2f3fc6b46f30e450798dc927a39a1153ff5766351a
harfbuzz 8.5.0-r0 x86_64 d4fa0090189c2fadc9fb6899b9bc7e400dd3b1dca8a87176b7a298158cc285c1
harfbuzz-dev 8.5.0-r0 x86_64 13f26556ab43e702b08c91d36759c2f16180bd9d23bd55d7bc4e3a6d97dfdf22
harfbuzz-static 8.5.0-r0 x86_64 17d86719c4c4f105324603db6b3f7efbcbfe442c7b8ded69829490aea677318d
harfbuzz-subset 8.5.0-r0 x86_64 7bcf6c0266fb99fdce81c19a65dd6f8457d6ec493e5846bd372a4fb0e6f04c74
hicolor-icon-theme 0.17-r2 x86_64 3cfe284a63338c50e02129f38dbedb104567c4825695b93b8e20e6bc29da4e2c
icu-data-full 74.2-r1 x86_64 ee5cf97186172c6d19171dd7ebdf2c21959c1e3e1d5638b528665779fffe66f9
icu-libs 74.2-r1 x86_64 b5a54aaeb5346ef4d773af48be30d5c88fce94f9a3a101dac1bb8b2f0afd806b
imath 3.1.12-r0 x86_64 4184564bd263654373b78844640c051e56bbbf36d94e5f5e10650e008a7bcdd5
json-c 0.17-r0 x86_64 273b2b881c10e83eadcfc05d5abb9c61f8c7c0ca2d7b5fa9cf3fe883e427527a
lame-libs 3.100-r5 x86_64 a4187fb4fda86a033b063b9f8ed98b598907dacaaeceee15ffa099595f9b6b0b
lcms2 2.19-r0 x86_64 2b530a38249a5836e5f116f7c7c5d41870e4b4112e42c9f40d167a60270a9297
libSvtAv1Enc 2.0.0-r1 x86_64 6a3502f174921a4389b5540978ba656e62be55f28025d76c7aa563ecc4cc8d5e
libasyncns 0.8-r3 x86_64 162b8832c537e6abf46a5851454f749c303bf26dde61b6202cc36fa6aeeb6a28
libatk-1.0 2.52.0-r0 x86_64 04cf29f0523e8c859f8b4ea53de18e12c532aee9f9fffe71c36ad51424206247
libatk-bridge-2.0 2.52.0-r0 x86_64 14c31ad7fd0e56f9930a57e0b279360c593e52895707b8532c327f825b3d9385
libblkid 2.40.1-r1 x86_64 f045f0c32ed91ac39e0a17fad361d2515da9f30b563d0b04cda4412b30a48e60
libbluray 1.3.4-r1 x86_64 7c02316e13c898aa5d2a0ad18a08a1a07c71f5c152b061098a6ce65c197294da
libbsd 0.12.2-r0 x86_64 8936afde94982d1152fab86d45e8ced56004ef9c21c78719b86c056a8b25769d
libbz2 1.0.8-r6 x86_64 a7572e5cd00630c3d0a2aae657003d072048bb9136be4bbdefd45d22142d9100
libcamera 0.3.0-r0 x86_64 cb6600a5e385fef2b91622e1634aa8926af556b9a6954a6d6666bf972f2feb7c
libcap2 2.78-r0 x86_64 8ec50cd7887f19c6936dd25a48796c5aa60dec019809b7813f9173aecabd1b43
libcrypto3 3.3.7-r0 x86_64 048d1e5faec26a7dfce40ad7ee8bd05f7cbc1dfead731bf7396038293776f431
libcurl 8.14.1-r2 x86_64 8ff35d3ce8ca98155cc58adc755acaf9f1aec8b4e9d70586df0f852f81eb2320
libdav1d 1.4.2-r0 x86_64 8783b5527dcdc6d2b40feb7b5b826d15f448a72d3ece5d558dbfc33eab586233
libdisplay-info 0.1.1-r0 x86_64 60dfb63bd02f9712beb5afc16016bd8a5bd992ed0edaa155b1fe710467905f52
libdrm 2.4.120-r0 x86_64 50589f4942eba8451ab51f9fdb5958578c525f4ee2b29b09e2944ccabcadb8e5
libeconf 0.6.3-r0 x86_64 37ed14209e3c5d1e75bfb30c841d25d99afad48594e63806f7744d983ffd2833
libelf 0.191-r0 x86_64 e461982ca43d02056977d2d2442b87ef6a938f97802ba3590e1439ebbd502430
libelogind 252.9-r5 x86_64 54c02913c97d70d85477333499e5ba7d5e4c4c038888e2a8669ee70ea0a1b2e6
libepoxy 1.5.10-r1 x86_64 a602d79a5e9bc7a86a242104a9b4eceaacdbd24e6c311f329e28e2497d9b144f
libevdev 1.13.1-r0 x86_64 5082e8d6cdcf344b40401b277cfef1f9ee3db4948a0cc0b6cff86584520f26f5
libevent 2.1.12-r7 x86_64 5864f19729cbb682ac33956f76656d2ed20d2ccefbc2750f44c4f7bbacbd066c
libexpat 2.8.1-r0 x86_64 514b440245ac0cf973aa8a6bc90e3215bbd0109d70bfb05891861fa3a8fb9abd
libffi 3.4.6-r0 x86_64 36c04cd44a9c16cc6d4079abfc50aa36a7de0af840a86795490f169ce8f59f98
libffi-dev 3.4.6-r0 x86_64 e36e5a9ebf1382c8414b693b77b99d40ce7a39e1ddad266a281cfb7a87ef4873
libflac 1.4.3-r1 x86_64 924161cdc2c1f9b4f12a3319f5718a2d8197c43222acba46e874499199c9b9fb
libfontenc 1.1.8-r0 x86_64 412501608e05da75b25c167d6be0bb6e97331a999d1a18038ed6839517ee4fc8
libgcc 13.2.1_git20240309-r1 x86_64 f348d99e10b5267566afe6f80861661b08cb5aa43a6d4d1c8f1792b5001d0995
libgcrypt 1.10.3-r0 x86_64 e1cd714dc919267d88272a7df7e2e9d6994442cb74f8b708725aec34eca05e4a
libgomp 13.2.1_git20240309-r1 x86_64 16376925965cc10604559b4ecfca3e3afd65c17355e9cee32c43570d08322a35
libgpg-error 1.49-r0 x86_64 b97c14938f9381eb282b95f70718497c340f52ae057e08d98e4eda16925c816b
libhwy 1.0.7-r0 x86_64 a6c316b872de9f5cc822fc668762b4801ec67f6add3eb520b810c5694921426a
libice 1.1.1-r6 x86_64 3a4f9cb6c5131aae6c198f9250020154acf5cdad560b9e6435ba3d489ad80b37
libidn2 2.3.7-r0 x86_64 eebb14d01f7111da6d3b2df2a29cae4fc6672998b4059747dcdaffa8ec06b00c
libidn2-dev 2.3.7-r0 x86_64 db929d249684e78cd6f6e89483a1fa735eeb0bd201325f3cd22b326af015bd9c
libidn2-static 2.3.7-r0 x86_64 40dd600b68627031f21d2f35476c48e17917287b7618aaad81064a2265f403f9
libinput-libs 1.25.0-r0 x86_64 de5bd4ef160f5991251865a4499e105631dec48a8587ed8eff3a620f660da31e
libintl 0.22.5-r0 x86_64 5e32c30bb4d16c458b1647b16663f9b43005c7d90e456c977d17dfebd11baf64
libjpeg-turbo 3.0.3-r0 x86_64 d1c72258b2a00e722d95ed327e003c7d011d5a650300de52bc56a4653cf7e0a1
libjpeg-turbo-dev 3.0.3-r0 x86_64 16165288dc6b65fc2e3a4384aabb3ea32857fb66a1982c52e807c198cc00f8a1
libjpeg-turbo-static 3.0.3-r0 x86_64 d87983dad326241f6cfa7dff44a1d2a9565427c28fe0e74168b79319a76606c2
libjxl 0.10.2-r0 x86_64 298143cd6d1fa90b9f3940e76a4911a4661689454f4685278f72d18bd03920ae
libjxl-dev 0.10.2-r0 x86_64 d916fffc71b6f13f07b483441f711ea34b7c50742b6bd52343834f266b0df144
libltdl 2.4.7-r3 x86_64 64cc424923570dddc43f04b5a02aac04d9178b60708ab92d9b8aa84f70d62af2
libmagic 5.45-r1 x86_64 86f411809a022f831990cc36f5f4b46d6354dbf7ada3ea1dfea1f44e39c75d04
libmd 1.1.0-r0 x86_64 831be0b851d8dbf0cb9e9412cba2e799d24cebea966660bb863426c6d18e88eb
libmount 2.40.1-r1 x86_64 65751f746b2b287271f2bce94dec3b540b7d5bf85aa63c74204343eb76b0556e
libncursesw 6.4_p20240420-r2 x86_64 db40dff96b7bb668257e45a5d14cab346bdfc7992598d5c51ee64dfc4ad014d5
libogg 1.3.5-r5 x86_64 e8557a95673ac996999d4cf97abd922c68d7248c1b4eca1ac20523af2bb85786
libopenmpt 0.7.7-r0 x86_64 2ebdfea142ea3f4c9378803f54e5c6cc332141af67ee37f0c5714d198068a465
libpciaccess 0.18.1-r0 x86_64 622f058b6a9113065b645a511827c2dc56e5b3fe9536a412f18ba2f3cb5b6716
libpcre2-16 10.43-r0 x86_64 e40bf31c19f85e4d8920d251162acec739c579664629495fc465971cd25beedc
libpcre2-32 10.43-r0 x86_64 64d803564d101dc78ea50aab15c22d2b1e8c87935e32fac5dc6ab596d4aa3743
libpng 1.6.57-r0 x86_64 83d29474ca067ac541fcd3d5e25f1b6e0e92b418e0c83d45f825abe5aba4e7b8
libpng-dev 1.6.57-r0 x86_64 d501236f56bb2f3f16b6c12ccd3650afe16eb898f241f38276faebf1f6c2dcfa
libpng-static 1.6.57-r0 x86_64 57237793a37e5ca092180afafc646f45e8ff56126509598d10c3dfb2381d6ec7
libpsl 0.21.5-r1 x86_64 b3e5c81d676045d47b9472f0cf750297d86a428259a0a69fa695564ee560aa95
libpsl-dev 0.21.5-r1 x86_64 dfedae27152309c611f03543ece404fe8f00c9b11e8e78b325fd84f21cdb7462
libpsl-static 0.21.5-r1 x86_64 a259a47558d22b001bd66c0eabbcf2096b9713b65cb5576664bac7ce287a63e3
libpulse 17.0-r0 x86_64 042118968f363def748d5b3623a1bc4274c8fdc508f8f5899968b6da11137880
librist 0.2.10-r1 x86_64 2c8d813f00f62b6b0221bc625d111a3e20592543946cf381603606c34840e4e9
libseat 0.8.0-r0 x86_64 bddd2e8a916efa5fb1fd38fec8532c99ebf2a742db69058d6c2fd2b3c4b98b26
libsharpyuv 1.3.2-r0 x86_64 bc4df3afc7b36f9d252adf864c4d28f13985982f3960317615615723d906aaa0
libsm 1.2.4-r4 x86_64 c8494a89496aa1ea75dfbc08c0daa22f62aa7fe72b4c4a63bf806f83759f8045
libsndfile 1.2.2-r1 x86_64 b28ea2ec26a3357881da0706fddb3313ea94cab8ed602cea2af919a9d1135434
libsodium 1.0.19-r1 x86_64 d7adda7dc49c2faa40e58eb2a076553904c3233db66f96e08d5455cbe520fdd2
libsrt 1.5.3-r0 x86_64 275a9770d8dd07cd18e051ac4bd2f0c926e320afdf44db91ce208135096971df
libssh 0.10.6-r0 x86_64 d565da72aa9cd83df5d3dccec8417f738af7f95492caca6c96c13f75a2c7860c
libssl3 3.3.7-r0 x86_64 ae7bcfa067a0cbe43ece334c0af7c12ac4ca93db8f510f5bb94469110dc67647
libstdc++ 13.2.1_git20240309-r1 x86_64 af0fe894ef5051116e321bf4753a10fffa85abc2b71f30b2e949467775421ace
libtasn1 4.21.0-r0 x86_64 e560266e485f55dbe4046d8f0b28f94f7e8025ae5367a1107d27388c59759c88
libtheora 1.1.1-r18 x86_64 8214869d4741df79083f4a9fdc805802925b86e940bbb2d7daa4d578fabc07e9
libtirpc-nokrb 1.3.4-r0 x86_64 c04542d087405265d9dcc634561fed9d4931001d76942bf499f4b228f45349c8
libturbojpeg 3.0.3-r0 x86_64 7c567da9c0012679560472db674896cfc223b02ec41b22ef9e5ba7ae7c01739a
libunistring 1.2-r0 x86_64 b1fec29a087be9da51d2d1d4fc8ff3bcedccb13c6999a830630f313678843255
libunistring-dev 1.2-r0 x86_64 7a781a2681afaad3c0acc6bb3496e99d0eba9b3713c7364e09656ec7e5cde3f0
libunistring-static 1.2-r0 x86_64 05a737b75ebbcfd4b381e01757afb83b9beebe48485595c5b87f7700c3065b2b
libunwind 1.8.1-r0 x86_64 4f0dee33257c663af4987a17518e7e03295f869e821f954387a57b30468f931b
libuuid 2.40.1-r1 x86_64 88656200db63a7fc065b3bc8ff8305959b4d6be1ff006cc3bb85bce84ac1feef
libuv 1.48.0-r0 x86_64 3b237c332ae3c54c251d47248cd91bc40b5d60b26a869a5edba903d69c62b8ed
libva 2.21.0-r0 x86_64 9e4f264b014b8a5bd7a64ca3c239230a63164a52d7bcababf77fc4bdd0e611de
libvdpau 1.5-r3 x86_64 5577a6a68d56ba5e0915784246268d0d6d2609e7a7c76d427d5a1d953ade16af
libvorbis 1.3.7-r2 x86_64 82fc35ef80cfcd15a396b320445e0d029f66deeea9a12b70a343ac42adb68c24
libvpx 1.14.1-r0 x86_64 de33d8682de1be6ffaad8915e859a3d504013065cb1cb1f19693a1ac756009e0
libvpx-dev 1.14.1-r0 x86_64 e595ec9f82b2683fbe123f776a8b68da331a26332497ca885fa0f43de72a26b2
libwebp 1.3.2-r0 x86_64 38cbff5f245a25b6495d5e94cc6adc916e5001c8c088ade901e18f277540f536
libwebp-dev 1.3.2-r0 x86_64 e28e972fb58c830553d3a07a449c16dbec5f2a9e6d1a56b2eca183f5d0f2bb76
libwebp-static 1.3.2-r0 x86_64 bdf4810f164f363fffe1dc9519903cb7a1e2f1eaaaa7fb296c36bbde3fcdc505
libwebpdecoder 1.3.2-r0 x86_64 c04df492180593ccecec3f6d3a5c64dcff4f3a0318abbdd1b349baeb863bdaed
libwebpdemux 1.3.2-r0 x86_64 143e5a9c4ccd77c4d7303b05b4663a6f42eaee218b513ad4c16d48a013d9562e
libwebpmux 1.3.2-r0 x86_64 4ed039a5828b2043c2e37e19a3658410f0037a673302e985c5a3ab13940f229d
libx11 1.8.9-r1 x86_64 04b7323793c82216f307e065df1a3176ca1395b2b93a091d62bc1e7f1f065651
libx11-dev 1.8.9-r1 x86_64 0b3bf0d1c3fa9fe82ffe60ca01f38d240729f85a0e3da210e6f8183fc34d2ca8
libxau 1.0.11-r4 x86_64 3757cc0061af8aee22835f8e1bc2aa2c36aa1b0092818cef5390d8e969abf233
libxcb 1.16.1-r0 x86_64 740897ace23b23edd207bcba3760f28a36a0474afaea41a86f99c26de82b93b1
libxcb-dev 1.16.1-r0 x86_64 4018c443a32a89f6e50f24a4d571a4ed72ca165bead99cf18f3c09f3f6589d8e
libxcomposite 0.4.6-r5 x86_64 6c1a6c86d29658db878a98f9f3a31c1a39938fbe49ae2be52c23e7a7ca3eb539
libxcursor 1.2.2-r1 x86_64 3b8a0c5af084b8f26e60b47d71f3f87de4ea4c0a6aec371033d43bfde8b0539f
libxcvt 0.1.2-r0 x86_64 942ff76bc8411d8f07bb0aca0b2f17ce4d10582636c1452c417dd92dfc3b7e31
libxdamage 1.1.6-r5 x86_64 4b6cecfa3c6a6360ba2f444a16d6368d7ae981020a4eb4488897c89d4cff43c3
libxdmcp 1.1.5-r1 x86_64 8ee81bc668c5070aba378d1dd8da635d5988267c60b1da7b04f40ab5013ee745
libxext 1.3.6-r2 x86_64 a8f5df0c3abb818821e7025ff79fdf349601edfdb94a1c7b00379a2e199a9e91
libxext-dev 1.3.6-r2 x86_64 512ad571fc0015e03807698cd03149b5dc127806f98132a1265f274d49014c3b
libxfixes 6.0.1-r4 x86_64 fb1c07135fbe3974af922f91286efbd542f36820643d103e4208bc008f89d576
libxfont2 2.0.6-r4 x86_64 dcea3785f9af3df777e45c17cf9ff297907ea9b4683dbb05f52684c77cf1f812
libxft 2.3.8-r3 x86_64 358808db0808be4e5d2a3ac46d5c636ba5fe2a8087098fdd315f3103fd669bfe
libxi 1.8.1-r4 x86_64 999eaf2fd7c38339776357ea63f65502c8194a3fdb2100c925ee507a398dabdc
libxinerama 1.1.5-r4 x86_64 aa4fb24ede3c1921350d4a5fa19a95c23ecfa53c795872722c811d5c1781badc
libxkbcommon 1.7.0-r0 x86_64 a6228f0ea3ad4cce033373c59cd375807e862ea46850e67167953fe6fe239578
libxkbcommon-dev 1.7.0-r0 x86_64 04d03206ccc388e9b4ecc9b98e9968dbc3769e1fc2d9cc44b0625f3842501a2a
libxkbcommon-static 1.7.0-r0 x86_64 0d4136793d7d89e7ccfe3c86ed53b6975906b07b3bd68daa6f0de65f5d1bb8e8
libxkbfile 1.1.3-r0 x86_64 ade6002b5aa51560d5b1b9b6b08c5073b66667d4254f2470ef2100ae11e9740f
libxml2 2.12.10-r0 x86_64 56602bc255bad2b16b297303d30c82259b92b316a1b878f3cc86783561b97188
libxmu 1.1.4-r2 x86_64 f426a87fcde9ede0ff5a219607d8ecdc633d3500bb164c32049af62ca74f031e
libxrandr 1.5.4-r1 x86_64 eabf494f5d58a0339aafd7a5beefa533043da0fcfc4f7dd60a9886a9ecb8a4a6
libxrender 0.9.11-r5 x86_64 1151b8ff092e357c45bfa2dba65f5b71d3158a127e59bb0dbcf68b28bde9b4ab
libxrender-dev 0.9.11-r5 x86_64 fb6bf7068e0f6a5d343fc2dfc31ec7f000e192b3596f5111615c6fb19bf2056c
libxshmfence 1.3.2-r6 x86_64 bdadca5f71c4c68012a66f635a740911ca28412842f6658640fbde362967f4d7
libxslt 1.1.39-r2 x86_64 bb49b1daefbb0995bf31338e1a68b71f03f9fa39ed7bc48c339393b02d271c03
libxt 1.3.0-r5 x86_64 1a057daae04fb2a10c52971973111819d46f644527f71c9d6abb73081f967c1a
libxtst 1.2.4-r6 x86_64 8cd53b0b25a2571546be304835f5ac37816440aa53048934f40e6ee536de3f13
libxxf86vm 1.1.5-r6 x86_64 d0f466df75b4b195f28e76baf000a152de07e477e98d96d136ab475a533364ef
libzmq 4.3.5-r2 x86_64 50678d8999aeaf986abfe2e48852703b0b920587e2602122c338d65562825e62
linux-headers 6.6-r0 x86_64 eac03f9d5ac52a86734f73bb444272aebf323e6dc03e9b69f87545f9da122f8a
linux-pam 1.6.0-r0 x86_64 45e336d2229e91ba18b87db27d9c51fe346d032609a54244549ac5821377ce8c
linux-pam-dev 1.6.0-r0 x86_64 6979440a7255340821731cacd7b79b52bddb66c9dcc825fe8abd1def5fe020fe
llvm17-libs 17.0.6-r2 x86_64 7040337ba6ea6e0b22bf997d8d5571e53dd9cfd3aa263d249e2f9732a41eb42a
mbedtls 3.6.6-r0 x86_64 c9e0f6715719674316fe7e0b11573788bab263d105d427b2db04faa966933d6d
mbedtls-dev 3.6.6-r0 x86_64 7b5f8d8560dfaea4603c6fd581c764f41b83080accb2a18ed191a5938df64914
mbedtls-static 3.6.6-r0 x86_64 35f87289da5478f858f450da0932605328329366632afa1cd64c1835aab92ead
mesa 24.0.9-r1 x86_64 fa0c11b4d357c6bb139f18ce44eeb6a69b0aa1f6ebe0b5fb67110c63743a19f7
mesa-egl 24.0.9-r1 x86_64 a104b0f3f69fc1f02760e547d088014ab73e877a4f05f3446b1a4237c1427f7c
mesa-gbm 24.0.9-r1 x86_64 4b61adee0dfef306ec4d5eb301ffb2b452eb29f6eceadb1950fba30a1810fc9a
mesa-gl 24.0.9-r1 x86_64 99062918648cda1c98a1e1393493c60a738448a8c0537a226e9b36e8f2b3f5fa
mesa-glapi 24.0.9-r1 x86_64 e2918a1400382b9940c0ca29fe79e504e7bccc68c788da3088e604b4949831b3
mesa-gles 24.0.9-r1 x86_64 2a0c168bd327d2208040610a921d0c27202ffa6ec8f4fdd1777ebeb7cdb9d491
minizip 1.3.1-r0 x86_64 367d18cd7f55eeb7a3c2969b47d9828d9837b067345da831755017f2be6a6149
mkfontscale 1.2.2-r6 x86_64 aca9c8a2f17355ed284a5eeca0bcf0fb0754bc359baa52d4773003b1ab29d789
mpg123-libs 1.32.8-r0 x86_64 f2a2e668ed7c48e565c8909d5434da5988b41f0821e4ff1719c29e0c8e8d2c76
mtdev 1.1.6-r3 x86_64 a97d7aa8bf175ff340179b2668c84aa91ca4495fd11cb58f7146d3e0a5ce6544
musl 1.2.5-r3 x86_64 70705bdeb1a8d54ee1ec7ce3b06f176206f4f3b105d86cf5576d74b8277adfa0
musl-dev 1.2.5-r3 x86_64 36abcf8a199826080b9b2a45f86782afae4ae5c8b8331909e5113911e2bdcad1
ncurses-terminfo 6.4_p20240420-r2 x86_64 a55984e71b4b5a27c14baf3b855ac53b43c6bbace1c7da83d6101f54fd7c29b7
ncurses-terminfo-base 6.4_p20240420-r2 x86_64 555948e6b67d4bddc213673843a63bbd3d30548133bdff8aff9e66988285ae7e
nettle 3.10.2-r0 x86_64 dc257541719127165d8bb54f44065e8ba75a0f514bacab9c7d4c27dea3b26e42
nghttp2-libs 1.62.1-r0 x86_64 1d38d00e38021c5322c6c5f5f80a3727e7de7dad3a63ec491c633b247577e195
nspr 4.35-r4 x86_64 3bdd6dd579a9e62f1fd33edd94fa30736ca8792f19de0ee4591e119278d1c7b1
nss 3.105-r0 x86_64 67d5ba18f0a5fed0a54d79dbd211b26286acc07e23f98b212282deb6ddb0132e
numactl 2.0.18-r0 x86_64 1a3508394541d21fddba5c79473d35dbe264e7b2bc384008c47806abe49e1c59
onevpl-libs 2023.3.1-r2 x86_64 65c13ef271ef36454259c3b6fddaf645456f839a5c05dee671b3b4b000c4cd44
openexr-libiex 3.1.13-r1 x86_64 39c9737fccbfac4222bea5af85e368633b26d675f81eceb86533bbb8beecdc4c
openexr-libilmthread 3.1.13-r1 x86_64 6d28f4df46ca16a9ac055d0c3c1ecc40c7a342a1af09f30ec5784bc7d4886db2
openexr-libopenexr 3.1.13-r1 x86_64 c3681a14b8b68f075825f84425f1cb06b85352056688093f91a28aa512143118
openh264 2.4.1-r0 x86_64 7fcaa770f1697109fa45ef837e0a907c050d46b0812213c0c6e2ed8fb0b5d8ad
openrc 0.54-r1 x86_64 4f99f9cbf47f2b180028c30ba328dcc3ca2d3b13cde853dfd0b0bc521404fdad
openssl 3.3.7-r0 x86_64 c1afe5b7547a861edefa3d41d91a214c09229d127d1297986182d70542553347
openssl-dev 3.3.7-r0 x86_64 5e157d02f5badae184d9bfaa3851b877d44e9239b6950f6d994d59fdae4c2b37
openssl-libs-static 3.3.7-r0 x86_64 2a2a614e77b93f0734d5fcf7b0446c5cf989b007d1e6bc73519f51d806bc8bba
opus 1.5.2-r0 x86_64 d33f798fc077bec7e67acc94d6fb79b0daf5d1f44f201b7c712c8ee923d98380
orc 0.4.40-r0 x86_64 b7245688c214bc5da14c44c668d7cb7ea2701236c75b54eadf5a0e0a8140bfb7
p11-kit 0.25.3-r0 x86_64 f805367a8a1137c46f2d5a6cddfdea693faf96136e8c187ecb1f1d8420f7d1d2
pango 1.52.2-r0 x86_64 7e0475039e3238bb9043ed2ac557fff1ee8c2c3f3a73e33ace26437f25cd80d5
pcre2 10.43-r0 x86_64 122e6d618ccc3dee2f44a9f8d4fb097a25286abeb1bb11e3c9871320ddfd1f33
pcre2-dev 10.43-r0 x86_64 c6198360f5693bd28784dda4bc34c84ea65a46441ad1d0d26b22ed6af4269878
pipewire-libs 1.0.6-r1 x86_64 e3fea745a7d72e1af2bc0ad4c707975d4b0a1c9fbe330692fc93030216a337dc
pixman 0.43.2-r0 x86_64 b28030016ac5941cccb4428a2ad600bb394ce3e388b0af35da55b895e66ba249
pixman-dev 0.43.2-r0 x86_64 ed41bce1c1e658d0cd4dfba2ec5a7729d2ee024b06dec0f17363283ed741cf48
pixman-static 0.43.2-r0 x86_64 cac0a0bcf65751bfe7494d3d0a0235d5527e836e00ef7efc6faf5b293f339a23
rav1e-libs 0.7.1-r0 x86_64 1a44f6548570b30c6b2a543a50696da6c37192d7210149f426b0ac981cfaf775
roc-toolkit-libs 0.3.0-r0 x86_64 54c8a0c79f20a7e5c58eba4f526cb35b62a33e221b66699781412f247f81158f
runit 2.1.2-r7 x86_64 50347d9a2fe49eaf9293deba06f87075def8e4e7aa743bb99a508e0eb5395464
samurai 1.2-r5 x86_64 d9f09d81fe35c901076464d89e3202fc5c671c00c89dab88e3027025d5f26d57
seatd 0.8.0-r0 x86_64 2fb9d17605ccf416858c682429c809139caf9da2da15178a3b961c1d2cce716e
shared-mime-info 2.4-r0 x86_64 efc42f53cc817409fcff1c26b068ded3c1a445d69ca0d5fb1c689a9c07b27d00
skalibs 2.14.1.1-r0 x86_64 8ea2716f937a0dddd9c83710dcd4ee7d4fe85c6b02340b8509e0ceb53cc95d3c
soxr 0.1.3-r7 x86_64 09f86f347b86ff1d0ddf0b73013a2a76e67c392b61b51fe3c0bbbdb07baa6a81
speexdsp 1.2.1-r2 x86_64 9a0b078120b0cbbff0b948fa799f69717ccce237086016029eec4689fc450b26
sqlite-libs 3.45.3-r3 x86_64 a810ea3354d426bc4a1a1e67fac877d73c47b0a155ce521c54869684a8896bc6
sway 1.9-r2 x86_64 23125165e277e0b836d5eaf974e3f807ccf911da6f831ac8efc1c07d5b274f27
swaybg 1.2.1-r0 x86_64 058272de2999567392c37aa7cd260d77c6fd529b4197c61fa8068667465e72b4
tdb-libs 1.4.9-r1 x86_64 9b572e4c92cae716c3e06cf7c6f022a1fa769abcdec4b3f3faaf09e8acdaf537
tiff 4.6.0t-r0 x86_64 0d1959ffe3fbc1c59ddf6bd00d264791ae270e794f02db3dc0c393755d5a1cd1
utf8proc 2.9.0-r0 x86_64 b21010071fecf55eb51d6e9edd59bcda6c67f965c4a2b1a63e33c949f69d8cb6
utmps-libs 0.1.2.2-r1 x86_64 4c5b36b2cbe5f777ce42a808c00c2f5c23a61d54baccc57e3b19388357d437e8
vulkan-loader 1.3.261.1-r0 x86_64 ff60f39747fe3453651e7dd32e215bc5922ebfb7d94b8ec35c85d264b3684ac1
wayland-dev 1.22.0-r4 x86_64 4ae3d4c740819c2766d8fc9551919f3b67ecdb279af6beb2c97fa950ea17065d
wayland-libs-client 1.22.0-r4 x86_64 f116a9edf6fff269b3c16223ceb722c4d34f13b7e2c1b59ba495e11307b25dd1
wayland-libs-cursor 1.22.0-r4 x86_64 83c3a0bf6622e1f05175b2e3544f5147a5cdf95c353e7fa24bb1395e32018c23
wayland-libs-egl 1.22.0-r4 x86_64 2830bf23aa8a547770f040a0362e39180693e75109ec52df6adea33f3d9e86f8
wayland-libs-server 1.22.0-r4 x86_64 cb5956add9b3f782245a6190369e8a184c5714f59dd6493ffa0e59aed4eff0d6
webrtc-audio-processing-1 1.3-r0 x86_64 d9640963e6319e5e46aed89a191cdd9a331f6c8a52297c1517991294bff2b83a
wlroots 0.17.4-r0 x86_64 92c16da144b89e748acd32a10c90a9e6d3e2d95fbd3507e05d24373b58e738af
wlroots0.16 0.16.2-r0 x86_64 e409cb5fefcafc9c29e75fb977c28b8ec18ac327efb65e3a5bf254c21153d8ca
x264-libs 0.164_git20231001-r0 x86_64 df3e130226fc8b2dd07edadd1967e3401268c0b60a27f038ac6e08a8008b6254
x265-libs 3.6-r0 x86_64 89c82d7a6de22882adcc4b2551f4f99452557db55d25e76b2adcb9a236b4a70a
xcb-util-renderutil 0.3.10-r0 x86_64 5bf18f03afa30d4cbef08023d27803b1cbe584100e904e1cac7dd67cf9046319
xcb-util-wm 0.4.2-r0 x86_64 350471d06aaf66c2cbde93aa657280253eea6a8dc0364aa3fe0811fadb3fb916
xdg-utils 1.2.1-r0 x86_64 d8502d72a9c2e1c0b3a48d4279e807f9fbb8c9cd8a78f7c3dc8f42047908bf22
xkbcomp 1.5.0-r0 x86_64 d1227622af725cb40abcb7c046eae5b27b19d815f028170c12842f7dce676b27
xkeyboard-config 2.41-r0 x86_64 ce6b6f66375bbdafd5085ead4c3109cdd7f9fdd2b24c21a5f06def4d08474f89
xorg-server-common 21.1.14-r0 x86_64 41b3a35e2b9aec6e8d9080fdc991c1a389c4346093dbb2c45a172a8eabae6b75
xprop 1.2.7-r0 x86_64 d0ec97aca9c751d98ad20906ac0cba2746eee770a2019d4678d89bfe8eef0720
xset 1.2.5-r1 x86_64 d8fb6191ad157d6c6f9211ff6e1fd5e8a61f039a90a0b371ea3f53f664e9721f
xvidcore 1.3.7-r2 x86_64 d6e87c7d69ea05df79c52107f7729e4f5a58c1a22410d03d6e79f31ae43b9753
xwayland 24.1.4-r0 x86_64 d3a647bbe8e4b4447a2c0d447b1fabf85db74872a731ad148fff8f622b5de6c9
xz-libs 5.8.3-r0 x86_64 219c51fe555788c7cbfa447707b2a407233d6dfd7b46beb0c168d76e64a93ddf
yaml 0.2.5-r2 x86_64 6f9c7081eda2d91f1aba62a8d1fb2d33a7441f5213132a542caddabf3b538784
zlib 1.3.2-r0 x86_64 39c506b74e5bf4b693179d0aefd10b161278063261ffdaa8fe704d075c64429b
zlib-dev 1.3.2-r0 x86_64 7fd9ec4aeac0719e5568062b9e4545e6b1c315ac477b37dad16ab4e5e2463729
zlib-static 1.3.2-r0 x86_64 ec7b509592442ea34cf9f2b355dd94933d79b1bb7cbf10524770c507ef14cbc4
zsh 5.9-r3 x86_64 91e05e07fbf6e5aaf5c49789367035874898a8e6deff728abd889bc82873e0cb
zstd-libs 1.5.6-r0 x86_64 69793fd27f1b83c4ab1b31e02bc3f8b5a6d4f9c3508aece8a259f475e196c475
