bmake 20240508-r0 x86_64 eef3317cfab88773f6449abc939fb25d46b65ba740067232dfdd58c10e2eda3d
brotli-dev 1.1.0-r2 x86_64 619ede350a5fe3294c1acc58c448d18b1beae304a3a3f0bf895885af28ee8c78
brotli-libs 1.1.0-r2 x86_64 d026ff33193b7c9bd1f7e62f7381f78d2889833a690c7267abd861c2a16dbeb8
brotli-static 1.1.0-r2 x86_64 aa075423e9857eaaef648632b26d7f74ec87b2367730845c8d52b60e3df42889
c-ares 1.33.1-r0 x86_64 06089a4258f3c56a2270387b8a2a28e49df8c0d46bd804e61ab286dd617458e5
ca-certificates 20260413-r0 x86_64 aa8940431dd4802dc8c73dfa71a36f50e7e7a1c253688fd83cc17f37ed362cae
cage 0.1.5-r1 x86_64 9ca5405c231ab7475b057c39b173aefd7192ebfc6d2dd97f7c2bdf770298aa5a
cairo 1.18.4-r0 x86_64 95645b909797afe928fceec3c944a2d177e3ba4bdb68797d2a4efcf93060fe98
cairo-dev 1.18.4-r0 x86_64 4f13cd068a4a81d673d73306ca9ab9155db6848982a218520ac89b8a5b709a83
cairo-static 1.18.4-r0 x86_64 61467642a55904541f45679bd72508ff8ce6c0284b802c5d03fcdf877fab9deb
curl 8.14.1-r2 x86_64 a95457d1122965a870d5a7e38b72bb0be379c3aa5f0cb5ea6090fddfe769f9dd
curl-dev 8.14.1-r2 x86_64 f99a923bbbb0177410d229840dcdbb1905f8698253ea553d2160d8c337c5d8ec
curl-static 8.14.1-r2 x86_64 0b29a1dd91746a400595a1119ad17d48570cc827d4fa0d078bf0a59d41e48809
dropbear 2024.85-r0 x86_64 65847f13ed7f875dbd17ef9de1b8870005274b1312dd7b9572394e7f7e37e9d2
dropbear-dbclient 2024.85-r0 x86_64 9b1bfe2f49a135eea67bc62d6d5f31b4764a34f48469005646e29edec2d4e51e
dropbear-scp 2024.85-r0 x86_64 9aada5a62ae48c16b979efdb942af4e33dde2a95d48661f6bf455474b2039357
dropbear-ssh 2024.85-r0 x86_64 c626b37daa0385563205b3ab45dc9927bfd17dd04ea312313d4c54bf1840125f
encodings 1.0.7-r1 x86_64 5425cb05fc1c357ea2f4162f60a8fcb23eaed794bf1f730a296ba7fbba19f78e
expat 2.8.1-r0 x86_64 a05b423bb15e5075f56b98d7fdb55e98cecc629270fa4f52ec6388468cdfdf79
expat-dev 2.8.1-r0 x86_64 290187711387cdcef85cb78941cb8b69dc68d9585bb47075b31d2a56536e9120
expat-static 2.8.1-r0 x86_64 7c99cdcd8abece1214bb32b77e59afef993e45d8f35ccd637d85e3973bf4d424
font-dejavu 2.37-r5 x86_64 f9a0651a6ff8256586466d31385a51953d37dadb3f8185685a1dce6f573100bf
fontconfig 2.15.0-r1 x86_64 db19b98cb423658088a88a797f1c6d133cb36c6d86142f92514efa34c0891912
fontconfig-dev 2.15.0-r1 x86_64 263aee674addf19b84d2edee8ef357558c961a77012c08ad2cee290e23aca994
fontconfig-static 2.15.0-r1 x86_64 2d30e5bd603ebf793903a2e01b52725edce25f5377320566a116a192e214ebc7
foot 1.17.2-r0 x86_64 7b115f24358154878ba7220650e1f72d5c48be50ae6c461991959939594d8b15
foot-extra-terminfo 1.17.2-r0 x86_64 f758c893a732b7ce49aa92a3506716b87424ffd7de4c064179839b27c25b9b3d
freetype 2.13.2-r0 x86_64 5a37ad782f4f32880677a8eb9c59c2ce1192273ebe2c88a447671113bc92d08a
freetype-dev 2.13.2-r0 x86_64 3036275cbdf8d52371b0c327aea8e1df402fa9011c7b043e4bf73648af450722
freetype-static 2.13.2-r0 x86_64 06e3586bfeb20c16045d77d411c4ac6b8935a12997a10ee4bd0c59b311408205
giflib 5.2.2-r0 x86_64 62b742988d8e22a98a5140fb17ff0cfbe23fee42e3bb71a38e7d424f5c938256
glib 2.80.5-r0 x86_64 20c801d70657f6db372bf780380dd356f86628ac5ee00eea677ef4c607ce5f7c
graphite2 1.3.14-r6 x86_64 6c40cc2d8b274dfc32d69801e335d70a768a64bd581429b1ff596f9aa29416d6
grim 1.4.1-r0 x86_64 4dd89cf3c777a881a4fa7adc7a2d435d5e3c7296bb7d65c0bbefacdfb91ad9b5
harfbuzz 8.5.0-r0 x86_64 d4fa0090189c2fadc9fb6899b9bc7e400dd3b1dca8a87176b7a298158cc285c1
harfbuzz-dev 8.5.0-r0 x86_64 13f26556ab43e702b08c91d36759c2f16180bd9d23bd55d7bc4e3a6d97dfdf22
harfbuzz-static 8.5.0-r0 x86_64 17d86719c4c4f105324603db6b3f7efbcbfe442c7b8ded69829490aea677318d
imath 3.1.12-r0 x86_64 4184564bd263654373b78844640c051e56bbbf36d94e5f5e10650e008a7bcdd5
lcms2 2.19-r0 x86_64 2b530a38249a5836e5f116f7c7c5d41870e4b4112e42c9f40d167a60270a9297
libblkid 2.40.1-r1 x86_64 f045f0c32ed91ac39e0a17fad361d2515da9f30b563d0b04cda4412b30a48e60
libbsd 0.12.2-r0 x86_64 8936afde94982d1152fab86d45e8ced56004ef9c21c78719b86c056a8b25769d
libbz2 1.0.8-r6 x86_64 a7572e5cd00630c3d0a2aae657003d072048bb9136be4bbdefd45d22142d9100
libcap2 2.78-r0 x86_64 8ec50cd7887f19c6936dd25a48796c5aa60dec019809b7813f9173aecabd1b43
libcrypto3 3.3.7-r0 x86_64 048d1e5faec26a7dfce40ad7ee8bd05f7cbc1dfead731bf7396038293776f431
libcurl 8.14.1-r2 x86_64 8ff35d3ce8ca98155cc58adc755acaf9f1aec8b4e9d70586df0f852f81eb2320
libeconf 0.6.3-r0 x86_64 37ed14209e3c5d1e75bfb30c841d25d99afad48594e63806f7744d983ffd2833
libexpat 2.8.1-r0 x86_64 514b440245ac0cf973aa8a6bc90e3215bbd0109d70bfb05891861fa3a8fb9abd
libffi 3.4.6-r0 x86_64 36c04cd44a9c16cc6d4079abfc50aa36a7de0af840a86795490f169ce8f59f98
libffi-dev 3.4.6-r0 x86_64 e36e5a9ebf1382c8414b693b77b99d40ce7a39e1ddad266a281cfb7a87ef4873
libgcc 13.2.1_git20240309-r1 x86_64 f348d99e10b5267566afe6f80861661b08cb5aa43a6d4d1c8f1792b5001d0995
libhwy 1.0.7-r0 x86_64 a6c316b872de9f5cc822fc668762b4801ec67f6add3eb520b810c5694921426a
libidn2 2.3.7-r0 x86_64 eebb14d01f7111da6d3b2df2a29cae4fc6672998b4059747dcdaffa8ec06b00c
libidn2-dev 2.3.7-r0 x86_64 db929d249684e78cd6f6e89483a1fa735eeb0bd201325f3cd22b326af015bd9c
libidn2-static 2.3.7-r0 x86_64 40dd600b68627031f21d2f35476c48e17917287b7618aaad81064a2265f403f9
libintl 0.22.5-r0 x86_64 5e32c30bb4d16c458b1647b16663f9b43005c7d90e456c977d17dfebd11baf64
libjpeg-turbo 3.0.3-r0 x86_64 d1c72258b2a00e722d95ed327e003c7d011d5a650300de52bc56a4653cf7e0a1
libjpeg-turbo-dev 3.0.3-r0 x86_64 16165288dc6b65fc2e3a4384aabb3ea32857fb66a1982c52e807c198cc00f8a1
libjpeg-turbo-static 3.0.3-r0 x86_64 d87983dad326241f6cfa7dff44a1d2a9565427c28fe0e74168b79319a76606c2
libjxl 0.10.2-r0 x86_64 298143cd6d1fa90b9f3940e76a4911a4661689454f4685278f72d18bd03920ae
libjxl-dev 0.10.2-r0 x86_64 d916fffc71b6f13f07b483441f711ea34b7c50742b6bd52343834f266b0df144
libmd 1.1.0-r0 x86_64 831be0b851d8dbf0cb9e9412cba2e799d24cebea966660bb863426c6d18e88eb
libmount 2.40.1-r1 x86_64 65751f746b2b287271f2bce94dec3b540b7d5bf85aa63c74204343eb76b0556e
libncursesw 6.4_p20240420-r2 x86_64 db40dff96b7bb668257e45a5d14cab346bdfc7992598d5c51ee64dfc4ad014d5
libpcre2-16 10.43-r0 x86_64 e40bf31c19f85e4d8920d251162acec739c579664629495fc465971cd25beedc
libpcre2-32 10.43-r0 x86_64 64d803564d101dc78ea50aab15c22d2b1e8c87935e32fac5dc6ab596d4aa3743
libpng 1.6.57-r0 x86_64 83d29474ca067ac541fcd3d5e25f1b6e0e92b418e0c83d45f825abe5aba4e7b8
libpng-dev 1.6.57-r0 x86_64 d501236f56bb2f3f16b6c12ccd3650afe16eb898f241f38276faebf1f6c2dcfa
libpng-static 1.6.57-r0 x86_64 57237793a37e5ca092180afafc646f45e8ff56126509598d10c3dfb2381d6ec7
libpsl 0.21.5-r1 x86_64 b3e5c81d676045d47b9472f0cf750297d86a428259a0a69fa695564ee560aa95
libpsl-dev 0.21.5-r1 x86_64 dfedae27152309c611f03543ece404fe8f00c9b11e8e78b325fd84f21cdb7462
libpsl-static 0.21.5-r1 x86_64 a259a47558d22b001bd66c0eabbcf2096b9713b65cb5576664bac7ce287a63e3
libsharpyuv 1.3.2-r0 x86_64 bc4df3afc7b36f9d252adf864c4d28f13985982f3960317615615723d906aaa0
libssl3 3.3.7-r0 x86_64 ae7bcfa067a0cbe43ece334c0af7c12ac4ca93db8f510f5bb94469110dc67647
libstdc++ 13.2.1_git20240309-r1 x86_64 af0fe894ef5051116e321bf4753a10fffa85abc2b71f30b2e949467775421ace
libturbojpeg 3.0.3-r0 x86_64 7c567da9c0012679560472db674896cfc223b02ec41b22ef9e5ba7ae7c01739a
libunistring 1.2-r0 x86_64 b1fec29a087be9da51d2d1d4fc8ff3bcedccb13c6999a830630f313678843255
libunistring-dev 1.2-r0 x86_64 7a781a2681afaad3c0acc6bb3496e99d0eba9b3713c7364e09656ec7e5cde3f0
libunistring-static 1.2-r0 x86_64 05a737b75ebbcfd4b381e01757afb83b9beebe48485595c5b87f7700c3065b2b
libvpx 1.14.1-r0 x86_64 de33d8682de1be6ffaad8915e859a3d504013065cb1cb1f19693a1ac756009e0
libvpx-dev 1.14.1-r0 x86_64 e595ec9f82b2683fbe123f776a8b68da331a26332497ca885fa0f43de72a26b2
libwebp 1.3.2-r0 x86_64 38cbff5f245a25b6495d5e94cc6adc916e5001c8c088ade901e18f277540f536
libwebp-dev 1.3.2-r0 x86_64 e28e972fb58c830553d3a07a449c16dbec5f2a9e6d1a56b2eca183f5d0f2bb76
libwebp-static 1.3.2-r0 x86_64 bdf4810f164f363fffe1dc9519903cb7a1e2f1eaaaa7fb296c36bbde3fcdc505
libwebpdecoder 1.3.2-r0 x86_64 c04df492180593ccecec3f6d3a5c64dcff4f3a0318abbdd1b349baeb863bdaed
libwebpdemux 1.3.2-r0 x86_64 143e5a9c4ccd77c4d7303b05b4663a6f42eaee218b513ad4c16d48a013d9562e
libwebpmux 1.3.2-r0 x86_64 4ed039a5828b2043c2e37e19a3658410f0037a673302e985c5a3ab13940f229d
libx11 1.8.9-r1 x86_64 04b7323793c82216f307e065df1a3176ca1395b2b93a091d62bc1e7f1f065651
libxau 1.0.11-r4 x86_64 3757cc0061af8aee22835f8e1bc2aa2c36aa1b0092818cef5390d8e969abf233
libxcb 1.16.1-r0 x86_64 740897ace23b23edd207bcba3760f28a36a0474afaea41a86f99c26de82b93b1
libxdmcp 1.1.5-r1 x86_64 8ee81bc668c5070aba378d1dd8da635d5988267c60b1da7b04f40ab5013ee745
libxext 1.3.6-r2 x86_64 a8f5df0c3abb818821e7025ff79fdf349601edfdb94a1c7b00379a2e199a9e91
libxkbcommon 1.7.0-r0 x86_64 a6228f0ea3ad4cce033373c59cd375807e862ea46850e67167953fe6fe239578
libxkbcommon-dev 1.7.0-r0 x86_64 04d03206ccc388e9b4ecc9b98e9968dbc3769e1fc2d9cc44b0625f3842501a2a
libxkbcommon-static 1.7.0-r0 x86_64 0d4136793d7d89e7ccfe3c86ed53b6975906b07b3bd68daa6f0de65f5d1bb8e8
libxkbfile 1.1.3-r0 x86_64 ade6002b5aa51560d5b1b9b6b08c5073b66667d4254f2470ef2100ae11e9740f
libxml2 2.12.10-r0 x86_64 56602bc255bad2b16b297303d30c82259b92b316a1b878f3cc86783561b97188
libxrender 0.9.11-r5 x86_64 1151b8ff092e357c45bfa2dba65f5b71d3158a127e59bb0dbcf68b28bde9b4ab
mbedtls 3.6.6-r0 x86_64 c9e0f6715719674316fe7e0b11573788bab263d105d427b2db04faa966933d6d
mbedtls-dev 3.6.6-r0 x86_64 7b5f8d8560dfaea4603c6fd581c764f41b83080accb2a18ed191a5938df64914
mbedtls-static 3.6.6-r0 x86_64 35f87289da5478f858f450da0932605328329366632afa1cd64c1835aab92ead
mkfontscale 1.2.2-r6 x86_64 aca9c8a2f17355ed284a5eeca0bcf0fb0754bc359baa52d4773003b1ab29d789
musl 1.2.5-r3 x86_64 70705bdeb1a8d54ee1ec7ce3b06f176206f4f3b105d86cf5576d74b8277adfa0
musl-dev 1.2.5-r3 x86_64 36abcf8a199826080b9b2a45f86782afae4ae5c8b8331909e5113911e2bdcad1
ncurses-terminfo 6.4_p20240420-r2 x86_64 a55984e71b4b5a27c14baf3b855ac53b43c6bbace1c7da83d6101f54fd7c29b7
ncurses-terminfo-base 6.4_p20240420-r2 x86_64 555948e6b67d4bddc213673843a63bbd3d30548133bdff8aff9e66988285ae7e
nghttp2-libs 1.62.1-r0 x86_64 1d38d00e38021c5322c6c5f5f80a3727e7de7dad3a63ec491c633b247577e195
openexr-libiex 3.1.13-r1 x86_64 39c9737fccbfac4222bea5af85e368633b26d675f81eceb86533bbb8beecdc4c
openexr-libilmthread 3.1.13-r1 x86_64 6d28f4df46ca16a9ac055d0c3c1ecc40c7a342a1af09f30ec5784bc7d4886db2
openexr-libopenexr 3.1.13-r1 x86_64 c3681a14b8b68f075825f84425f1cb06b85352056688093f91a28aa512143118
openrc 0.54-r1 x86_64 4f99f9cbf47f2b180028c30ba328dcc3ca2d3b13cde853dfd0b0bc521404fdad
openssl 3.3.7-r0 x86_64 c1afe5b7547a861edefa3d41d91a214c09229d127d1297986182d70542553347
openssl-dev 3.3.7-r0 x86_64 5e157d02f5badae184d9bfaa3851b877d44e9239b6950f6d994d59fdae4c2b37
openssl-libs-static 3.3.7-r0 x86_64 2a2a614e77b93f0734d5fcf7b0446c5cf989b007d1e6bc73519f51d806bc8bba
pcre2 10.43-r0 x86_64 122e6d618ccc3dee2f44a9f8d4fb097a25286abeb1bb11e3c9871320ddfd1f33
pcre2-dev 10.43-r0 x86_64 c6198360f5693bd28784dda4bc34c84ea65a46441ad1d0d26b22ed6af4269878
pixman 0.43.2-r0 x86_64 b28030016ac5941cccb4428a2ad600bb394ce3e388b0af35da55b895e66ba249
pixman-dev 0.43.2-r0 x86_64 ed41bce1c1e658d0cd4dfba2ec5a7729d2ee024b06dec0f17363283ed741cf48
pixman-static 0.43.2-r0 x86_64 cac0a0bcf65751bfe7494d3d0a0235d5527e836e00ef7efc6faf5b293f339a23
runit 2.1.2-r7 x86_64 50347d9a2fe49eaf9293deba06f87075def8e4e7aa743bb99a508e0eb5395464
samurai 1.2-r5 x86_64 d9f09d81fe35c901076464d89e3202fc5c671c00c89dab88e3027025d5f26d57
seatd 0.8.0-r0 x86_64 2fb9d17605ccf416858c682429c809139caf9da2da15178a3b961c1d2cce716e
sway 1.9-r2 x86_64 23125165e277e0b836d5eaf974e3f807ccf911da6f831ac8efc1c07d5b274f27
swaybg 1.2.1-r0 x86_64 058272de2999567392c37aa7cd260d77c6fd529b4197c61fa8068667465e72b4
wayland-dev 1.22.0-r4 x86_64 4ae3d4c740819c2766d8fc9551919f3b67ecdb279af6beb2c97fa950ea17065d
wayland-libs-client 1.22.0-r4 x86_64 f116a9edf6fff269b3c16223ceb722c4d34f13b7e2c1b59ba495e11307b25dd1
wayland-libs-cursor 1.22.0-r4 x86_64 83c3a0bf6622e1f05175b2e3544f5147a5cdf95c353e7fa24bb1395e32018c23
wayland-libs-egl 1.22.0-r4 x86_64 2830bf23aa8a547770f040a0362e39180693e75109ec52df6adea33f3d9e86f8
wayland-libs-server 1.22.0-r4 x86_64 cb5956add9b3f782245a6190369e8a184c5714f59dd6493ffa0e59aed4eff0d6
xkbcomp 1.5.0-r0 x86_64 d1227622af725cb40abcb7c046eae5b27b19d815f028170c12842f7dce676b27
xkeyboard-config 2.41-r0 x86_64 ce6b6f66375bbdafd5085ead4c3109cdd7f9fdd2b24c21a5f06def4d08474f89
xorg-server-common 21.1.14-r0 x86_64 41b3a35e2b9aec6e8d9080fdc991c1a389c4346093dbb2c45a172a8eabae6b75
xwayland 24.1.4-r0 x86_64 d3a647bbe8e4b4447a2c0d447b1fabf85db74872a731ad148fff8f622b5de6c9
xz-libs 5.8.3-r0 x86_64 219c51fe555788c7cbfa447707b2a407233d6dfd7b46beb0c168d76e64a93ddf
zlib 1.3.2-r0 x86_64 39c506b74e5bf4b693179d0aefd10b161278063261ffdaa8fe704d075c64429b
zlib-dev 1.3.2-r0 x86_64 7fd9ec4aeac0719e5568062b9e4545e6b1c315ac477b37dad16ab4e5e2463729
zlib-static 1.3.2-r0 x86_64 ec7b509592442ea34cf9f2b355dd94933d79b1bb7cbf10524770c507ef14cbc4
zsh 5.9-r3 x86_64 91e05e07fbf6e5aaf5c49789367035874898a8e6deff728abd889bc82873e0cb
zstd-libs 1.5.6-r0 x86_64 69793fd27f1b83c4ab1b31e02bc3f8b5a6d4f9c3508aece8a259f475e196c475
